// !$*UTF8*$!
{
	archiveVersion = 1;
	classes = {
	};
	objectVersion = 46;
	objects = {

/* Begin PBXBuildFile section */
		00E356F31AD99517003FC87E /* TickieAppTests.m in Sources */ = {isa = PBXBuildFile; fileRef = 00E356F21AD99517003FC87E /* TickieAppTests.m */; };
		13B07FBC1A68108700A75B9A /* AppDelegate.m in Sources */ = {isa = PBXBuildFile; fileRef = 13B07FB01A68108700A75B9A /* AppDelegate.m */; };
		13B07FBF1A68108700A75B9A /* Images.xcassets in Resources */ = {isa = PBXBuildFile; fileRef = 13B07FB51A68108700A75B9A /* Images.xcassets */; };
		13B07FC11A68108700A75B9A /* main.m in Sources */ = {isa = PBXBuildFile; fileRef = 13B07FB71A68108700A75B9A /* main.m */; };
		244263D59937404F825FA95F /* libPods-TickieApp.a in Frameworks */ = {isa = PBXBuildFile; fileRef = A6E824DF4799AD35702CE274 /* libPods-TickieApp.a */; };
		2D02E4BC1E0B4A80006451C7 /* AppDelegate.m in Sources */ = {isa = PBXBuildFile; fileRef = 13B07FB01A68108700A75B9A /* AppDelegate.m */; };
		2D02E4BD1E0B4A84006451C7 /* Images.xcassets in Resources */ = {isa = PBXBuildFile; fileRef = 13B07FB51A68108700A75B9A /* Images.xcassets */; };
		2D02E4BF1E0B4AB3006451C7 /* main.m in Sources */ = {isa = PBXBuildFile; fileRef = 13B07FB71A68108700A75B9A /* main.m */; };
		2DCD954D1E0B4F2C00145EB5 /* TickieAppTests.m in Sources */ = {isa = PBXBuildFile; fileRef = 00E356F21AD99517003FC87E /* TickieAppTests.m */; };
		81AB9BB82411601600AC10FF /* LaunchScreen.storyboard in Resources */ = {isa = PBXBuildFile; fileRef = 81AB9BB72411601600AC10FF /* LaunchScreen.storyboard */; };
		C06EFA1942E27AF24498081D /* libPods-TickieApp-tvOS.a in Frameworks */ = {isa = PBXBuildFile; fileRef = 6E2AEA00DBD0FFA8680966FF /* libPods-TickieApp-tvOS.a */; };
		C8D3307D707FECC112B0AB5B /* libPods-TickieApp-tvOSTests.a in Frameworks */ = {isa = PBXBuildFile; fileRef = EC91D507C6C125FB25FE7E24 /* libPods-TickieApp-tvOSTests.a */; };
		DB285756095885E0AD718018 /* libPods-TickieApp-TickieAppTests.a in Frameworks */ = {isa = PBXBuildFile; fileRef = B07BE598C6A1028E0426C39E /* libPods-TickieApp-TickieAppTests.a */; };
		71B5456441FE446C96BDEDFB /* SVN-Gilroy Black Italic.otf in Resources */ = {isa = PBXBuildFile; fileRef = 5E392620A4CA4291B64BE07B /* SVN-Gilroy Black Italic.otf */; };
		8492CF7DE0F749AEA79D07CF /* SVN-Gilroy Black.otf in Resources */ = {isa = PBXBuildFile; fileRef = 549D5E6EA1714542A2A1E76F /* SVN-Gilroy Black.otf */; };
		DFF26C3ED0FD4F61BF90B0F6 /* SVN-Gilroy Bold Italic.otf in Resources */ = {isa = PBXBuildFile; fileRef = EF12DE1C7DBF46E89692AA60 /* SVN-Gilroy Bold Italic.otf */; };
		86192CA3C07B41F7A8BC9A74 /* SVN-Gilroy Heavy Italic.otf in Resources */ = {isa = PBXBuildFile; fileRef = 3B3B86F3583C412F93EC1629 /* SVN-Gilroy Heavy Italic.otf */; };
		434AA84ACC9044F2BB7FC3E8 /* SVN-Gilroy Italic.otf in Resources */ = {isa = PBXBuildFile; fileRef = 9D42606CC05D4EA98DE937E8 /* SVN-Gilroy Italic.otf */; };
		CF3D0ACCA7784AC489734038 /* SVN-Gilroy Light Italic.otf in Resources */ = {isa = PBXBuildFile; fileRef = BE2DC8CEAC4247808ACE50A0 /* SVN-Gilroy Light Italic.otf */; };
		E25A6C46A0144A2BB8B09980 /* SVN-Gilroy Light.otf in Resources */ = {isa = PBXBuildFile; fileRef = 0F34C26B5C5E498AAB2512EA /* SVN-Gilroy Light.otf */; };
		8AC9E8D088C74EE8A08FFCB5 /* SVN-Gilroy Medium Italic.otf in Resources */ = {isa = PBXBuildFile; fileRef = 96382955AEA847C5A11CAFBD /* SVN-Gilroy Medium Italic.otf */; };
		1580977CAE9B46C888349E81 /* SVN-Gilroy SemiBold Italic.otf in Resources */ = {isa = PBXBuildFile; fileRef = 87A97BF7C66A4C6C8778703F /* SVN-Gilroy SemiBold Italic.otf */; };
		29B7C65013B74760A73CB05B /* SVN-Gilroy SemiBold.otf in Resources */ = {isa = PBXBuildFile; fileRef = 4A01339663D34D33B4A2A74E /* SVN-Gilroy SemiBold.otf */; };
		5D2F8996E61446E5875A8ABB /* SVN-Gilroy Thin Italic.otf in Resources */ = {isa = PBXBuildFile; fileRef = 3446C2BDDD194D3F92208A88 /* SVN-Gilroy Thin Italic.otf */; };
		817327A9920546CFACC99CAE /* SVN-Gilroy Thin.otf in Resources */ = {isa = PBXBuildFile; fileRef = 368CA39A82A240B997F83519 /* SVN-Gilroy Thin.otf */; };
		27D227AC797749EEAEB531D5 /* SVN-Gilroy XBold Italic.otf in Resources */ = {isa = PBXBuildFile; fileRef = 7AA5FC089697458A9FC62FC0 /* SVN-Gilroy XBold Italic.otf */; };
		AC1AD871326E488C836FBD69 /* SVN-Gilroy XBold.otf in Resources */ = {isa = PBXBuildFile; fileRef = 46B46148E3394054A5420717 /* SVN-Gilroy XBold.otf */; };
		8D47E30581DD414D8234F2B8 /* SVN-Gilroy Xlight Italic.otf in Resources */ = {isa = PBXBuildFile; fileRef = AA6C69F86170466DBF8B99EC /* SVN-Gilroy Xlight Italic.otf */; };
		EED0C9563BAE45639531FE0A /* SVN-Gilroy Xlight.otf in Resources */ = {isa = PBXBuildFile; fileRef = 700AC9271B2746FDBB064E08 /* SVN-Gilroy Xlight.otf */; };
		8F7F69E033AA42E5BAE34840 /* SVN-GilroyBold.otf in Resources */ = {isa = PBXBuildFile; fileRef = 475515A1BDAD48DEB8C7EBFA /* SVN-GilroyBold.otf */; };
		A0749E165257410CA7F23F42 /* SVN-GilroyHeavy.otf in Resources */ = {isa = PBXBuildFile; fileRef = 32449F2E32B94C839A45F3B6 /* SVN-GilroyHeavy.otf */; };
		E4D589B1152249069DA4490D /* SVN-GilroyLight.otf in Resources */ = {isa = PBXBuildFile; fileRef = 344C95C61F2948169C9A5CEC /* SVN-GilroyLight.otf */; };
		CE5EAD783A7649C8980E4273 /* SVN-GilroyMedium.otf in Resources */ = {isa = PBXBuildFile; fileRef = 428ADF2867ED44E6AF2CA547 /* SVN-GilroyMedium.otf */; };
		E7A116189BE44DC8BB691100 /* SVN-GilroyRegular.otf in Resources */ = {isa = PBXBuildFile; fileRef = 27C22762C08C4DA993F7A8FD /* SVN-GilroyRegular.otf */; };
		02A50D68FC0546F9A695AFD4 /* times.ttf in Resources */ = {isa = PBXBuildFile; fileRef = 6B127F4AA5964C4B83DB66D8 /* times.ttf */; };
		71BE6B3E2C3149CBAE4DE101 /* timesbd.ttf in Resources */ = {isa = PBXBuildFile; fileRef = 5B568213BDC145498EF36151 /* timesbd.ttf */; };
		9C2F265FD4BE4B9683284423 /* timesbi.ttf in Resources */ = {isa = PBXBuildFile; fileRef = BCCAD8645C944B2B999C58E0 /* timesbi.ttf */; };
		61AF5F6EFB99458D86CC4DB6 /* timesi.ttf in Resources */ = {isa = PBXBuildFile; fileRef = 714B7288D91041208D86F1D3 /* timesi.ttf */; };
		86A474F32D214D5CBBE14B9C /* AntDesign.ttf in Resources */ = {isa = PBXBuildFile; fileRef = D7721DFDA2BE4F59912EE20E /* AntDesign.ttf */; };
		31B900186DE94E478F81C68A /* Entypo.ttf in Resources */ = {isa = PBXBuildFile; fileRef = 67BC3D6782164AA9B9AE54A1 /* Entypo.ttf */; };
		C61DA34C5725487480CA2E37 /* EvilIcons.ttf in Resources */ = {isa = PBXBuildFile; fileRef = 35315BF7CECB444E982BFFEB /* EvilIcons.ttf */; };
		3F6B7F53AFD044C5A6F20272 /* Feather.ttf in Resources */ = {isa = PBXBuildFile; fileRef = A6A241791E4B40AF9D83B5FB /* Feather.ttf */; };
		2ECE2486883B4227988B0BD9 /* FontAwesome.ttf in Resources */ = {isa = PBXBuildFile; fileRef = CFFA023CF4CF4D70AC634D6B /* FontAwesome.ttf */; };
		037E3845833C406AAEE5171F /* FontAwesome5_Brands.ttf in Resources */ = {isa = PBXBuildFile; fileRef = 3F08ADB4268F4D98A8D06823 /* FontAwesome5_Brands.ttf */; };
		A9C9D2E5415D4EECA4E86BD6 /* FontAwesome5_Regular.ttf in Resources */ = {isa = PBXBuildFile; fileRef = B226AC3BBB0E4315B6977D00 /* FontAwesome5_Regular.ttf */; };
		CE8F83CF55A04610B1E085D4 /* FontAwesome5_Solid.ttf in Resources */ = {isa = PBXBuildFile; fileRef = 81AA7AA63612442CB8E6F563 /* FontAwesome5_Solid.ttf */; };
		350EE1BC857B4480AF87F1CF /* Fontisto.ttf in Resources */ = {isa = PBXBuildFile; fileRef = 04367C8A1CEE4AC8BB173632 /* Fontisto.ttf */; };
		92C646223AAD4B139787A866 /* Foundation.ttf in Resources */ = {isa = PBXBuildFile; fileRef = 0DBAEA73BF1B4D3182764704 /* Foundation.ttf */; };
		A3714523108545F183D367CD /* Ionicons.ttf in Resources */ = {isa = PBXBuildFile; fileRef = 7E0039C64A26498B8242FBD8 /* Ionicons.ttf */; };
		CCF2CCD5AE444DECB2CC2EB1 /* MaterialCommunityIcons.ttf in Resources */ = {isa = PBXBuildFile; fileRef = 397ED4DE04894D929F6AB7C9 /* MaterialCommunityIcons.ttf */; };
		A9DDAB7C82574902BDD084F4 /* MaterialIcons.ttf in Resources */ = {isa = PBXBuildFile; fileRef = E2F26A48DBAA4299B66EA466 /* MaterialIcons.ttf */; };
		4C493E5ECF3A4A3A8AF46B52 /* Octicons.ttf in Resources */ = {isa = PBXBuildFile; fileRef = D177CF9E0BEE45D4B10FC739 /* Octicons.ttf */; };
		A7C7104089C946CEA95A391F /* SimpleLineIcons.ttf in Resources */ = {isa = PBXBuildFile; fileRef = 1FAE40435D5340B0B51D26AB /* SimpleLineIcons.ttf */; };
		D102B271ABB5401D99A87B07 /* Zocial.ttf in Resources */ = {isa = PBXBuildFile; fileRef = 31837AF5BF1E4CB09F606341 /* Zocial.ttf */; };
		ACAE39C2B0F04F1BAE3A09FF /* SVN-GilroySemiBold.otf in Resources */ = {isa = PBXBuildFile; fileRef = 4DB9BDDBDDF54506BBA74E76 /* SVN-GilroySemiBold.otf */; };
/* End PBXBuildFile section */

/* Begin PBXContainerItemProxy section */
		00E356F41AD99517003FC87E /* PBXContainerItemProxy */ = {
			isa = PBXContainerItemProxy;
			containerPortal = 83CBB9F71A601CBA00E9B192 /* Project object */;
			proxyType = 1;
			remoteGlobalIDString = 13B07F861A680F5B00A75B9A;
			remoteInfo = TickieApp;
		};
		2D02E4911E0B4A5D006451C7 /* PBXContainerItemProxy */ = {
			isa = PBXContainerItemProxy;
			containerPortal = 83CBB9F71A601CBA00E9B192 /* Project object */;
			proxyType = 1;
			remoteGlobalIDString = 2D02E47A1E0B4A5D006451C7;
			remoteInfo = "TickieApp-tvOS";
		};
/* End PBXContainerItemProxy section */

/* Begin PBXFileReference section */
		008F07F21AC5B25A0029DE68 /* main.jsbundle */ = {isa = PBXFileReference; fileEncoding = 4; lastKnownFileType = text; path = main.jsbundle; sourceTree = "<group>"; };
		00E356EE1AD99517003FC87E /* TickieAppTests.xctest */ = {isa = PBXFileReference; explicitFileType = wrapper.cfbundle; includeInIndex = 0; path = TickieAppTests.xctest; sourceTree = BUILT_PRODUCTS_DIR; };
		00E356F11AD99517003FC87E /* Info.plist */ = {isa = PBXFileReference; lastKnownFileType = text.plist.xml; path = Info.plist; sourceTree = "<group>"; };
		00E356F21AD99517003FC87E /* TickieAppTests.m */ = {isa = PBXFileReference; lastKnownFileType = sourcecode.c.objc; path = TickieAppTests.m; sourceTree = "<group>"; };
		13B07F961A680F5B00A75B9A /* TickieApp.app */ = {isa = PBXFileReference; explicitFileType = wrapper.application; includeInIndex = 0; path = TickieApp.app; sourceTree = BUILT_PRODUCTS_DIR; };
		13B07FAF1A68108700A75B9A /* AppDelegate.h */ = {isa = PBXFileReference; fileEncoding = 4; lastKnownFileType = sourcecode.c.h; name = AppDelegate.h; path = TickieApp/AppDelegate.h; sourceTree = "<group>"; };
		13B07FB01A68108700A75B9A /* AppDelegate.m */ = {isa = PBXFileReference; fileEncoding = 4; lastKnownFileType = sourcecode.c.objc; name = AppDelegate.m; path = TickieApp/AppDelegate.m; sourceTree = "<group>"; };
		13B07FB51A68108700A75B9A /* Images.xcassets */ = {isa = PBXFileReference; lastKnownFileType = folder.assetcatalog; name = Images.xcassets; path = TickieApp/Images.xcassets; sourceTree = "<group>"; };
		13B07FB61A68108700A75B9A /* Info.plist */ = {isa = PBXFileReference; fileEncoding = 4; lastKnownFileType = text.plist.xml; name = Info.plist; path = TickieApp/Info.plist; sourceTree = "<group>"; };
		13B07FB71A68108700A75B9A /* main.m */ = {isa = PBXFileReference; fileEncoding = 4; lastKnownFileType = sourcecode.c.objc; name = main.m; path = TickieApp/main.m; sourceTree = "<group>"; };
		2D02E47B1E0B4A5D006451C7 /* TickieApp-tvOS.app */ = {isa = PBXFileReference; explicitFileType = wrapper.application; includeInIndex = 0; path = "TickieApp-tvOS.app"; sourceTree = BUILT_PRODUCTS_DIR; };
		2D02E4901E0B4A5D006451C7 /* TickieApp-tvOSTests.xctest */ = {isa = PBXFileReference; explicitFileType = wrapper.cfbundle; includeInIndex = 0; path = "TickieApp-tvOSTests.xctest"; sourceTree = BUILT_PRODUCTS_DIR; };
		2D23D4A80348A64F6FA67BF4 /* Pods-TickieApp-tvOSTests.debug.xcconfig */ = {isa = PBXFileReference; includeInIndex = 1; lastKnownFileType = text.xcconfig; name = "Pods-TickieApp-tvOSTests.debug.xcconfig"; path = "Target Support Files/Pods-TickieApp-tvOSTests/Pods-TickieApp-tvOSTests.debug.xcconfig"; sourceTree = "<group>"; };
		6E2AEA00DBD0FFA8680966FF /* libPods-TickieApp-tvOS.a */ = {isa = PBXFileReference; explicitFileType = archive.ar; includeInIndex = 0; path = "libPods-TickieApp-tvOS.a"; sourceTree = BUILT_PRODUCTS_DIR; };
		81AB9BB72411601600AC10FF /* LaunchScreen.storyboard */ = {isa = PBXFileReference; fileEncoding = 4; lastKnownFileType = file.storyboard; name = LaunchScreen.storyboard; path = TickieApp/LaunchScreen.storyboard; sourceTree = "<group>"; };
		9130666BDFFC516FE40CED0F /* Pods-TickieApp-TickieAppTests.release.xcconfig */ = {isa = PBXFileReference; includeInIndex = 1; lastKnownFileType = text.xcconfig; name = "Pods-TickieApp-TickieAppTests.release.xcconfig"; path = "Target Support Files/Pods-TickieApp-TickieAppTests/Pods-TickieApp-TickieAppTests.release.xcconfig"; sourceTree = "<group>"; };
		946666A72C8101CCC9AB0999 /* Pods-TickieApp.debug.xcconfig */ = {isa = PBXFileReference; includeInIndex = 1; lastKnownFileType = text.xcconfig; name = "Pods-TickieApp.debug.xcconfig"; path = "Target Support Files/Pods-TickieApp/Pods-TickieApp.debug.xcconfig"; sourceTree = "<group>"; };
		94EF6A809878C0747BE8974B /* Pods-TickieApp-tvOS.release.xcconfig */ = {isa = PBXFileReference; includeInIndex = 1; lastKnownFileType = text.xcconfig; name = "Pods-TickieApp-tvOS.release.xcconfig"; path = "Target Support Files/Pods-TickieApp-tvOS/Pods-TickieApp-tvOS.release.xcconfig"; sourceTree = "<group>"; };
		A6E824DF4799AD35702CE274 /* libPods-TickieApp.a */ = {isa = PBXFileReference; explicitFileType = archive.ar; includeInIndex = 0; path = "libPods-TickieApp.a"; sourceTree = BUILT_PRODUCTS_DIR; };
		AE4171925D27FE95E78E616B /* Pods-TickieApp-TickieAppTests.debug.xcconfig */ = {isa = PBXFileReference; includeInIndex = 1; lastKnownFileType = text.xcconfig; name = "Pods-TickieApp-TickieAppTests.debug.xcconfig"; path = "Target Support Files/Pods-TickieApp-TickieAppTests/Pods-TickieApp-TickieAppTests.debug.xcconfig"; sourceTree = "<group>"; };
		B07BE598C6A1028E0426C39E /* libPods-TickieApp-TickieAppTests.a */ = {isa = PBXFileReference; explicitFileType = archive.ar; includeInIndex = 0; path = "libPods-TickieApp-TickieAppTests.a"; sourceTree = BUILT_PRODUCTS_DIR; };
		C74E99D5CF518D71AAC1B3BB /* Pods-TickieApp-tvOSTests.release.xcconfig */ = {isa = PBXFileReference; includeInIndex = 1; lastKnownFileType = text.xcconfig; name = "Pods-TickieApp-tvOSTests.release.xcconfig"; path = "Target Support Files/Pods-TickieApp-tvOSTests/Pods-TickieApp-tvOSTests.release.xcconfig"; sourceTree = "<group>"; };
		DAD983EBFAC0A3250FE65DE8 /* Pods-TickieApp-tvOS.debug.xcconfig */ = {isa = PBXFileReference; includeInIndex = 1; lastKnownFileType = text.xcconfig; name = "Pods-TickieApp-tvOS.debug.xcconfig"; path = "Target Support Files/Pods-TickieApp-tvOS/Pods-TickieApp-tvOS.debug.xcconfig"; sourceTree = "<group>"; };
		EC91D507C6C125FB25FE7E24 /* libPods-TickieApp-tvOSTests.a */ = {isa = PBXFileReference; explicitFileType = archive.ar; includeInIndex = 0; path = "libPods-TickieApp-tvOSTests.a"; sourceTree = BUILT_PRODUCTS_DIR; };
		ED297162215061F000B7C4FE /* JavaScriptCore.framework */ = {isa = PBXFileReference; lastKnownFileType = wrapper.framework; name = JavaScriptCore.framework; path = System/Library/Frameworks/JavaScriptCore.framework; sourceTree = SDKROOT; };
		ED2971642150620600B7C4FE /* JavaScriptCore.framework */ = {isa = PBXFileReference; lastKnownFileType = wrapper.framework; name = JavaScriptCore.framework; path = Platforms/AppleTVOS.platform/Developer/SDKs/AppleTVOS12.0.sdk/System/Library/Frameworks/JavaScriptCore.framework; sourceTree = DEVELOPER_DIR; };
		EDD4060C0B55984DA5363168 /* Pods-TickieApp.release.xcconfig */ = {isa = PBXFileReference; includeInIndex = 1; lastKnownFileType = text.xcconfig; name = "Pods-TickieApp.release.xcconfig"; path = "Target Support Files/Pods-TickieApp/Pods-TickieApp.release.xcconfig"; sourceTree = "<group>"; };
		5E392620A4CA4291B64BE07B /* SVN-Gilroy Black Italic.otf */ = {isa = PBXFileReference; name = "SVN-Gilroy Black Italic.otf"; path = "../assets/fonts/SVN-Gilroy Black Italic.otf"; sourceTree = "<group>"; fileEncoding = undefined; lastKnownFileType = unknown; explicitFileType = undefined; includeInIndex = 0; };
		549D5E6EA1714542A2A1E76F /* SVN-Gilroy Black.otf */ = {isa = PBXFileReference; name = "SVN-Gilroy Black.otf"; path = "../assets/fonts/SVN-Gilroy Black.otf"; sourceTree = "<group>"; fileEncoding = undefined; lastKnownFileType = unknown; explicitFileType = undefined; includeInIndex = 0; };
		EF12DE1C7DBF46E89692AA60 /* SVN-Gilroy Bold Italic.otf */ = {isa = PBXFileReference; name = "SVN-Gilroy Bold Italic.otf"; path = "../assets/fonts/SVN-Gilroy Bold Italic.otf"; sourceTree = "<group>"; fileEncoding = undefined; lastKnownFileType = unknown; explicitFileType = undefined; includeInIndex = 0; };
		3B3B86F3583C412F93EC1629 /* SVN-Gilroy Heavy Italic.otf */ = {isa = PBXFileReference; name = "SVN-Gilroy Heavy Italic.otf"; path = "../assets/fonts/SVN-Gilroy Heavy Italic.otf"; sourceTree = "<group>"; fileEncoding = undefined; lastKnownFileType = unknown; explicitFileType = undefined; includeInIndex = 0; };
		9D42606CC05D4EA98DE937E8 /* SVN-Gilroy Italic.otf */ = {isa = PBXFileReference; name = "SVN-Gilroy Italic.otf"; path = "../assets/fonts/SVN-Gilroy Italic.otf"; sourceTree = "<group>"; fileEncoding = undefined; lastKnownFileType = unknown; explicitFileType = undefined; includeInIndex = 0; };
		BE2DC8CEAC4247808ACE50A0 /* SVN-Gilroy Light Italic.otf */ = {isa = PBXFileReference; name = "SVN-Gilroy Light Italic.otf"; path = "../assets/fonts/SVN-Gilroy Light Italic.otf"; sourceTree = "<group>"; fileEncoding = undefined; lastKnownFileType = unknown; explicitFileType = undefined; includeInIndex = 0; };
		0F34C26B5C5E498AAB2512EA /* SVN-Gilroy Light.otf */ = {isa = PBXFileReference; name = "SVN-Gilroy Light.otf"; path = "../assets/fonts/SVN-Gilroy Light.otf"; sourceTree = "<group>"; fileEncoding = undefined; lastKnownFileType = unknown; explicitFileType = undefined; includeInIndex = 0; };
		96382955AEA847C5A11CAFBD /* SVN-Gilroy Medium Italic.otf */ = {isa = PBXFileReference; name = "SVN-Gilroy Medium Italic.otf"; path = "../assets/fonts/SVN-Gilroy Medium Italic.otf"; sourceTree = "<group>"; fileEncoding = undefined; lastKnownFileType = unknown; explicitFileType = undefined; includeInIndex = 0; };
		87A97BF7C66A4C6C8778703F /* SVN-Gilroy SemiBold Italic.otf */ = {isa = PBXFileReference; name = "SVN-Gilroy SemiBold Italic.otf"; path = "../assets/fonts/SVN-Gilroy SemiBold Italic.otf"; sourceTree = "<group>"; fileEncoding = undefined; lastKnownFileType = unknown; explicitFileType = undefined; includeInIndex = 0; };
		4A01339663D34D33B4A2A74E /* SVN-Gilroy SemiBold.otf */ = {isa = PBXFileReference; name = "SVN-Gilroy SemiBold.otf"; path = "../assets/fonts/SVN-Gilroy SemiBold.otf"; sourceTree = "<group>"; fileEncoding = undefined; lastKnownFileType = unknown; explicitFileType = undefined; includeInIndex = 0; };
		3446C2BDDD194D3F92208A88 /* SVN-Gilroy Thin Italic.otf */ = {isa = PBXFileReference; name = "SVN-Gilroy Thin Italic.otf"; path = "../assets/fonts/SVN-Gilroy Thin Italic.otf"; sourceTree = "<group>"; fileEncoding = undefined; lastKnownFileType = unknown; explicitFileType = undefined; includeInIndex = 0; };
		368CA39A82A240B997F83519 /* SVN-Gilroy Thin.otf */ = {isa = PBXFileReference; name = "SVN-Gilroy Thin.otf"; path = "../assets/fonts/SVN-Gilroy Thin.otf"; sourceTree = "<group>"; fileEncoding = undefined; lastKnownFileType = unknown; explicitFileType = undefined; includeInIndex = 0; };
		7AA5FC089697458A9FC62FC0 /* SVN-Gilroy XBold Italic.otf */ = {isa = PBXFileReference; name = "SVN-Gilroy XBold Italic.otf"; path = "../assets/fonts/SVN-Gilroy XBold Italic.otf"; sourceTree = "<group>"; fileEncoding = undefined; lastKnownFileType = unknown; explicitFileType = undefined; includeInIndex = 0; };
		46B46148E3394054A5420717 /* SVN-Gilroy XBold.otf */ = {isa = PBXFileReference; name = "SVN-Gilroy XBold.otf"; path = "../assets/fonts/SVN-Gilroy XBold.otf"; sourceTree = "<group>"; fileEncoding = undefined; lastKnownFileType = unknown; explicitFileType = undefined; includeInIndex = 0; };
		AA6C69F86170466DBF8B99EC /* SVN-Gilroy Xlight Italic.otf */ = {isa = PBXFileReference; name = "SVN-Gilroy Xlight Italic.otf"; path = "../assets/fonts/SVN-Gilroy Xlight Italic.otf"; sourceTree = "<group>"; fileEncoding = undefined; lastKnownFileType = unknown; explicitFileType = undefined; includeInIndex = 0; };
		700AC9271B2746FDBB064E08 /* SVN-Gilroy Xlight.otf */ = {isa = PBXFileReference; name = "SVN-Gilroy Xlight.otf"; path = "../assets/fonts/SVN-Gilroy Xlight.otf"; sourceTree = "<group>"; fileEncoding = undefined; lastKnownFileType = unknown; explicitFileType = undefined; includeInIndex = 0; };
		475515A1BDAD48DEB8C7EBFA /* SVN-GilroyBold.otf */ = {isa = PBXFileReference; name = "SVN-GilroyBold.otf"; path = "../assets/fonts/SVN-GilroyBold.otf"; sourceTree = "<group>"; fileEncoding = undefined; lastKnownFileType = unknown; explicitFileType = undefined; includeInIndex = 0; };
		32449F2E32B94C839A45F3B6 /* SVN-GilroyHeavy.otf */ = {isa = PBXFileReference; name = "SVN-GilroyHeavy.otf"; path = "../assets/fonts/SVN-GilroyHeavy.otf"; sourceTree = "<group>"; fileEncoding = undefined; lastKnownFileType = unknown; explicitFileType = undefined; includeInIndex = 0; };
		344C95C61F2948169C9A5CEC /* SVN-GilroyLight.otf */ = {isa = PBXFileReference; name = "SVN-GilroyLight.otf"; path = "../assets/fonts/SVN-GilroyLight.otf"; sourceTree = "<group>"; fileEncoding = undefined; lastKnownFileType = unknown; explicitFileType = undefined; includeInIndex = 0; };
		428ADF2867ED44E6AF2CA547 /* SVN-GilroyMedium.otf */ = {isa = PBXFileReference; name = "SVN-GilroyMedium.otf"; path = "../assets/fonts/SVN-GilroyMedium.otf"; sourceTree = "<group>"; fileEncoding = undefined; lastKnownFileType = unknown; explicitFileType = undefined; includeInIndex = 0; };
		27C22762C08C4DA993F7A8FD /* SVN-GilroyRegular.otf */ = {isa = PBXFileReference; name = "SVN-GilroyRegular.otf"; path = "../assets/fonts/SVN-GilroyRegular.otf"; sourceTree = "<group>"; fileEncoding = undefined; lastKnownFileType = unknown; explicitFileType = undefined; includeInIndex = 0; };
		6B127F4AA5964C4B83DB66D8 /* times.ttf */ = {isa = PBXFileReference; name = "times.ttf"; path = "../assets/fonts/times.ttf"; sourceTree = "<group>"; fileEncoding = undefined; lastKnownFileType = unknown; explicitFileType = undefined; includeInIndex = 0; };
		5B568213BDC145498EF36151 /* timesbd.ttf */ = {isa = PBXFileReference; name = "timesbd.ttf"; path = "../assets/fonts/timesbd.ttf"; sourceTree = "<group>"; fileEncoding = undefined; lastKnownFileType = unknown; explicitFileType = undefined; includeInIndex = 0; };
		BCCAD8645C944B2B999C58E0 /* timesbi.ttf */ = {isa = PBXFileReference; name = "timesbi.ttf"; path = "../assets/fonts/timesbi.ttf"; sourceTree = "<group>"; fileEncoding = undefined; lastKnownFileType = unknown; explicitFileType = undefined; includeInIndex = 0; };
		714B7288D91041208D86F1D3 /* timesi.ttf */ = {isa = PBXFileReference; name = "timesi.ttf"; path = "../assets/fonts/timesi.ttf"; sourceTree = "<group>"; fileEncoding = undefined; lastKnownFileType = unknown; explicitFileType = undefined; includeInIndex = 0; };
		D7721DFDA2BE4F59912EE20E /* AntDesign.ttf */ = {isa = PBXFileReference; name = "AntDesign.ttf"; path = "../node_modules/react-native-vector-icons/Fonts/AntDesign.ttf"; sourceTree = "<group>"; fileEncoding = undefined; lastKnownFileType = unknown; explicitFileType = undefined; includeInIndex = 0; };
		67BC3D6782164AA9B9AE54A1 /* Entypo.ttf */ = {isa = PBXFileReference; name = "Entypo.ttf"; path = "../node_modules/react-native-vector-icons/Fonts/Entypo.ttf"; sourceTree = "<group>"; fileEncoding = undefined; lastKnownFileType = unknown; explicitFileType = undefined; includeInIndex = 0; };
		35315BF7CECB444E982BFFEB /* EvilIcons.ttf */ = {isa = PBXFileReference; name = "EvilIcons.ttf"; path = "../node_modules/react-native-vector-icons/Fonts/EvilIcons.ttf"; sourceTree = "<group>"; fileEncoding = undefined; lastKnownFileType = unknown; explicitFileType = undefined; includeInIndex = 0; };
		A6A241791E4B40AF9D83B5FB /* Feather.ttf */ = {isa = PBXFileReference; name = "Feather.ttf"; path = "../node_modules/react-native-vector-icons/Fonts/Feather.ttf"; sourceTree = "<group>"; fileEncoding = undefined; lastKnownFileType = unknown; explicitFileType = undefined; includeInIndex = 0; };
		CFFA023CF4CF4D70AC634D6B /* FontAwesome.ttf */ = {isa = PBXFileReference; name = "FontAwesome.ttf"; path = "../node_modules/react-native-vector-icons/Fonts/FontAwesome.ttf"; sourceTree = "<group>"; fileEncoding = undefined; lastKnownFileType = unknown; explicitFileType = undefined; includeInIndex = 0; };
		3F08ADB4268F4D98A8D06823 /* FontAwesome5_Brands.ttf */ = {isa = PBXFileReference; name = "FontAwesome5_Brands.ttf"; path = "../node_modules/react-native-vector-icons/Fonts/FontAwesome5_Brands.ttf"; sourceTree = "<group>"; fileEncoding = undefined; lastKnownFileType = unknown; explicitFileType = undefined; includeInIndex = 0; };
		B226AC3BBB0E4315B6977D00 /* FontAwesome5_Regular.ttf */ = {isa = PBXFileReference; name = "FontAwesome5_Regular.ttf"; path = "../node_modules/react-native-vector-icons/Fonts/FontAwesome5_Regular.ttf"; sourceTree = "<group>"; fileEncoding = undefined; lastKnownFileType = unknown; explicitFileType = undefined; includeInIndex = 0; };
		81AA7AA63612442CB8E6F563 /* FontAwesome5_Solid.ttf */ = {isa = PBXFileReference; name = "FontAwesome5_Solid.ttf"; path = "../node_modules/react-native-vector-icons/Fonts/FontAwesome5_Solid.ttf"; sourceTree = "<group>"; fileEncoding = undefined; lastKnownFileType = unknown; explicitFileType = undefined; includeInIndex = 0; };
		04367C8A1CEE4AC8BB173632 /* Fontisto.ttf */ = {isa = PBXFileReference; name = "Fontisto.ttf"; path = "../node_modules/react-native-vector-icons/Fonts/Fontisto.ttf"; sourceTree = "<group>"; fileEncoding = undefined; lastKnownFileType = unknown; explicitFileType = undefined; includeInIndex = 0; };
		0DBAEA73BF1B4D3182764704 /* Foundation.ttf */ = {isa = PBXFileReference; name = "Foundation.ttf"; path = "../node_modules/react-native-vector-icons/Fonts/Foundation.ttf"; sourceTree = "<group>"; fileEncoding = undefined; lastKnownFileType = unknown; explicitFileType = undefined; includeInIndex = 0; };
		7E0039C64A26498B8242FBD8 /* Ionicons.ttf */ = {isa = PBXFileReference; name = "Ionicons.ttf"; path = "../node_modules/react-native-vector-icons/Fonts/Ionicons.ttf"; sourceTree = "<group>"; fileEncoding = undefined; lastKnownFileType = unknown; explicitFileType = undefined; includeInIndex = 0; };
		397ED4DE04894D929F6AB7C9 /* MaterialCommunityIcons.ttf */ = {isa = PBXFileReference; name = "MaterialCommunityIcons.ttf"; path = "../node_modules/react-native-vector-icons/Fonts/MaterialCommunityIcons.ttf"; sourceTree = "<group>"; fileEncoding = undefined; lastKnownFileType = unknown; explicitFileType = undefined; includeInIndex = 0; };
		E2F26A48DBAA4299B66EA466 /* MaterialIcons.ttf */ = {isa = PBXFileReference; name = "MaterialIcons.ttf"; path = "../node_modules/react-native-vector-icons/Fonts/MaterialIcons.ttf"; sourceTree = "<group>"; fileEncoding = undefined; lastKnownFileType = unknown; explicitFileType = undefined; includeInIndex = 0; };
		D177CF9E0BEE45D4B10FC739 /* Octicons.ttf */ = {isa = PBXFileReference; name = "Octicons.ttf"; path = "../node_modules/react-native-vector-icons/Fonts/Octicons.ttf"; sourceTree = "<group>"; fileEncoding = undefined; lastKnownFileType = unknown; explicitFileType = undefined; includeInIndex = 0; };
		1FAE40435D5340B0B51D26AB /* SimpleLineIcons.ttf */ = {isa = PBXFileReference; name = "SimpleLineIcons.ttf"; path = "../node_modules/react-native-vector-icons/Fonts/SimpleLineIcons.ttf"; sourceTree = "<group>"; fileEncoding = undefined; lastKnownFileType = unknown; explicitFileType = undefined; includeInIndex = 0; };
		31837AF5BF1E4CB09F606341 /* Zocial.ttf */ = {isa = PBXFileReference; name = "Zocial.ttf"; path = "../node_modules/react-native-vector-icons/Fonts/Zocial.ttf"; sourceTree = "<group>"; fileEncoding = undefined; lastKnownFileType = unknown; explicitFileType = undefined; includeInIndex = 0; };
		4DB9BDDBDDF54506BBA74E76 /* SVN-GilroySemiBold.otf */ = {isa = PBXFileReference; name = "SVN-GilroySemiBold.otf"; path = "../assets/fonts/SVN-GilroySemiBold.otf"; sourceTree = "<group>"; fileEncoding = undefined; lastKnownFileType = unknown; explicitFileType = undefined; includeInIndex = 0; };
/* End PBXFileReference section */

/* Begin PBXFrameworksBuildPhase section */
		00E356EB1AD99517003FC87E /* Frameworks */ = {
			isa = PBXFrameworksBuildPhase;
			buildActionMask = 2147483647;
			files = (
				DB285756095885E0AD718018 /* libPods-TickieApp-TickieAppTests.a in Frameworks */,
			);
			runOnlyForDeploymentPostprocessing = 0;
		};
		13B07F8C1A680F5B00A75B9A /* Frameworks */ = {
			isa = PBXFrameworksBuildPhase;
			buildActionMask = 2147483647;
			files = (
				244263D59937404F825FA95F /* libPods-TickieApp.a in Frameworks */,
			);
			runOnlyForDeploymentPostprocessing = 0;
		};
		2D02E4781E0B4A5D006451C7 /* Frameworks */ = {
			isa = PBXFrameworksBuildPhase;
			buildActionMask = 2147483647;
			files = (
				C06EFA1942E27AF24498081D /* libPods-TickieApp-tvOS.a in Frameworks */,
			);
			runOnlyForDeploymentPostprocessing = 0;
		};
		2D02E48D1E0B4A5D006451C7 /* Frameworks */ = {
			isa = PBXFrameworksBuildPhase;
			buildActionMask = 2147483647;
			files = (
				C8D3307D707FECC112B0AB5B /* libPods-TickieApp-tvOSTests.a in Frameworks */,
			);
			runOnlyForDeploymentPostprocessing = 0;
		};
/* End PBXFrameworksBuildPhase section */

/* Begin PBXGroup section */
		00E356EF1AD99517003FC87E /* TickieAppTests */ = {
			isa = PBXGroup;
			children = (
				00E356F21AD99517003FC87E /* TickieAppTests.m */,
				00E356F01AD99517003FC87E /* Supporting Files */,
			);
			path = TickieAppTests;
			sourceTree = "<group>";
		};
		00E356F01AD99517003FC87E /* Supporting Files */ = {
			isa = PBXGroup;
			children = (
				00E356F11AD99517003FC87E /* Info.plist */,
			);
			name = "Supporting Files";
			sourceTree = "<group>";
		};
		13B07FAE1A68108700A75B9A /* TickieApp */ = {
			isa = PBXGroup;
			children = (
				008F07F21AC5B25A0029DE68 /* main.jsbundle */,
				13B07FAF1A68108700A75B9A /* AppDelegate.h */,
				13B07FB01A68108700A75B9A /* AppDelegate.m */,
				13B07FB51A68108700A75B9A /* Images.xcassets */,
				13B07FB61A68108700A75B9A /* Info.plist */,
				81AB9BB72411601600AC10FF /* LaunchScreen.storyboard */,
				13B07FB71A68108700A75B9A /* main.m */,
			);
			name = TickieApp;
			sourceTree = "<group>";
		};
		2D16E6871FA4F8E400B85C8A /* Frameworks */ = {
			isa = PBXGroup;
			children = (
				ED297162215061F000B7C4FE /* JavaScriptCore.framework */,
				ED2971642150620600B7C4FE /* JavaScriptCore.framework */,
				A6E824DF4799AD35702CE274 /* libPods-TickieApp.a */,
				B07BE598C6A1028E0426C39E /* libPods-TickieApp-TickieAppTests.a */,
				6E2AEA00DBD0FFA8680966FF /* libPods-TickieApp-tvOS.a */,
				EC91D507C6C125FB25FE7E24 /* libPods-TickieApp-tvOSTests.a */,
			);
			name = Frameworks;
			sourceTree = "<group>";
		};
		832341AE1AAA6A7D00B99B32 /* Libraries */ = {
			isa = PBXGroup;
			children = (
			);
			name = Libraries;
			sourceTree = "<group>";
		};
		83CBB9F61A601CBA00E9B192 = {
			isa = PBXGroup;
			children = (
				13B07FAE1A68108700A75B9A /* TickieApp */,
				832341AE1AAA6A7D00B99B32 /* Libraries */,
				00E356EF1AD99517003FC87E /* TickieAppTests */,
				83CBBA001A601CBA00E9B192 /* Products */,
				2D16E6871FA4F8E400B85C8A /* Frameworks */,
				8870E4F539A1D8F1E77B3527 /* Pods */,
				38EBE701DC464D40AFDF0100 /* Resources */,
			);
			indentWidth = 2;
			sourceTree = "<group>";
			tabWidth = 2;
			usesTabs = 0;
		};
		83CBBA001A601CBA00E9B192 /* Products */ = {
			isa = PBXGroup;
			children = (
				13B07F961A680F5B00A75B9A /* TickieApp.app */,
				00E356EE1AD99517003FC87E /* TickieAppTests.xctest */,
				2D02E47B1E0B4A5D006451C7 /* TickieApp-tvOS.app */,
				2D02E4901E0B4A5D006451C7 /* TickieApp-tvOSTests.xctest */,
			);
			name = Products;
			sourceTree = "<group>";
		};
		8870E4F539A1D8F1E77B3527 /* Pods */ = {
			isa = PBXGroup;
			children = (
				946666A72C8101CCC9AB0999 /* Pods-TickieApp.debug.xcconfig */,
				EDD4060C0B55984DA5363168 /* Pods-TickieApp.release.xcconfig */,
				AE4171925D27FE95E78E616B /* Pods-TickieApp-TickieAppTests.debug.xcconfig */,
				9130666BDFFC516FE40CED0F /* Pods-TickieApp-TickieAppTests.release.xcconfig */,
				DAD983EBFAC0A3250FE65DE8 /* Pods-TickieApp-tvOS.debug.xcconfig */,
				94EF6A809878C0747BE8974B /* Pods-TickieApp-tvOS.release.xcconfig */,
				2D23D4A80348A64F6FA67BF4 /* Pods-TickieApp-tvOSTests.debug.xcconfig */,
				C74E99D5CF518D71AAC1B3BB /* Pods-TickieApp-tvOSTests.release.xcconfig */,
			);
			name = Pods;
			path = Pods;
			sourceTree = "<group>";
		};
		38EBE701DC464D40AFDF0100 /* Resources */ = {
			isa = "PBXGroup";
			children = (
				5E392620A4CA4291B64BE07B /* SVN-Gilroy Black Italic.otf */,
				549D5E6EA1714542A2A1E76F /* SVN-Gilroy Black.otf */,
				EF12DE1C7DBF46E89692AA60 /* SVN-Gilroy Bold Italic.otf */,
				3B3B86F3583C412F93EC1629 /* SVN-Gilroy Heavy Italic.otf */,
				9D42606CC05D4EA98DE937E8 /* SVN-Gilroy Italic.otf */,
				BE2DC8CEAC4247808ACE50A0 /* SVN-Gilroy Light Italic.otf */,
				0F34C26B5C5E498AAB2512EA /* SVN-Gilroy Light.otf */,
				96382955AEA847C5A11CAFBD /* SVN-Gilroy Medium Italic.otf */,
				87A97BF7C66A4C6C8778703F /* SVN-Gilroy SemiBold Italic.otf */,
				4A01339663D34D33B4A2A74E /* SVN-Gilroy SemiBold.otf */,
				3446C2BDDD194D3F92208A88 /* SVN-Gilroy Thin Italic.otf */,
				368CA39A82A240B997F83519 /* SVN-Gilroy Thin.otf */,
				7AA5FC089697458A9FC62FC0 /* SVN-Gilroy XBold Italic.otf */,
				46B46148E3394054A5420717 /* SVN-Gilroy XBold.otf */,
				AA6C69F86170466DBF8B99EC /* SVN-Gilroy Xlight Italic.otf */,
				700AC9271B2746FDBB064E08 /* SVN-Gilroy Xlight.otf */,
				475515A1BDAD48DEB8C7EBFA /* SVN-GilroyBold.otf */,
				32449F2E32B94C839A45F3B6 /* SVN-GilroyHeavy.otf */,
				344C95C61F2948169C9A5CEC /* SVN-GilroyLight.otf */,
				428ADF2867ED44E6AF2CA547 /* SVN-GilroyMedium.otf */,
				27C22762C08C4DA993F7A8FD /* SVN-GilroyRegular.otf */,
				6B127F4AA5964C4B83DB66D8 /* times.ttf */,
				5B568213BDC145498EF36151 /* timesbd.ttf */,
				BCCAD8645C944B2B999C58E0 /* timesbi.ttf */,
				714B7288D91041208D86F1D3 /* timesi.ttf */,
				D7721DFDA2BE4F59912EE20E /* AntDesign.ttf */,
				67BC3D6782164AA9B9AE54A1 /* Entypo.ttf */,
				35315BF7CECB444E982BFFEB /* EvilIcons.ttf */,
				A6A241791E4B40AF9D83B5FB /* Feather.ttf */,
				CFFA023CF4CF4D70AC634D6B /* FontAwesome.ttf */,
				3F08ADB4268F4D98A8D06823 /* FontAwesome5_Brands.ttf */,
				B226AC3BBB0E4315B6977D00 /* FontAwesome5_Regular.ttf */,
				81AA7AA63612442CB8E6F563 /* FontAwesome5_Solid.ttf */,
				04367C8A1CEE4AC8BB173632 /* Fontisto.ttf */,
				0DBAEA73BF1B4D3182764704 /* Foundation.ttf */,
				7E0039C64A26498B8242FBD8 /* Ionicons.ttf */,
				397ED4DE04894D929F6AB7C9 /* MaterialCommunityIcons.ttf */,
				E2F26A48DBAA4299B66EA466 /* MaterialIcons.ttf */,
				D177CF9E0BEE45D4B10FC739 /* Octicons.ttf */,
				1FAE40435D5340B0B51D26AB /* SimpleLineIcons.ttf */,
				31837AF5BF1E4CB09F606341 /* Zocial.ttf */,
				4DB9BDDBDDF54506BBA74E76 /* SVN-GilroySemiBold.otf */,
			);
			name = Resources;
			sourceTree = "<group>";
			path = "";
		};
/* End PBXGroup section */

/* Begin PBXNativeTarget section */
		00E356ED1AD99517003FC87E /* TickieAppTests */ = {
			isa = PBXNativeTarget;
			buildConfigurationList = 00E357021AD99517003FC87E /* Build configuration list for PBXNativeTarget "TickieAppTests" */;
			buildPhases = (
				A386327F5DB4BE63BE20122E /* [CP] Check Pods Manifest.lock */,
				00E356EA1AD99517003FC87E /* Sources */,
				00E356EB1AD99517003FC87E /* Frameworks */,
				00E356EC1AD99517003FC87E /* Resources */,
				A7EE74D2AD878119B2D634EC /* [CP] Copy Pods Resources */,
			);
			buildRules = (
			);
			dependencies = (
				00E356F51AD99517003FC87E /* PBXTargetDependency */,
			);
			name = TickieAppTests;
			productName = TickieAppTests;
			productReference = 00E356EE1AD99517003FC87E /* TickieAppTests.xctest */;
			productType = "com.apple.product-type.bundle.unit-test";
		};
		13B07F861A680F5B00A75B9A /* TickieApp */ = {
			isa = PBXNativeTarget;
			buildConfigurationList = 13B07F931A680F5B00A75B9A /* Build configuration list for PBXNativeTarget "TickieApp" */;
			buildPhases = (
				6F9B8BA604F5047A296D963C /* [CP] Check Pods Manifest.lock */,
				FD10A7F022414F080027D42C /* Start Packager */,
				13B07F871A680F5B00A75B9A /* Sources */,
				13B07F8C1A680F5B00A75B9A /* Frameworks */,
				13B07F8E1A680F5B00A75B9A /* Resources */,
				00DD1BFF1BD5951E006B06BC /* Bundle React Native code and images */,
				34D9F44264AF202A4783551C /* [CP] Copy Pods Resources */,
			);
			buildRules = (
			);
			dependencies = (
			);
			name = TickieApp;
			productName = TickieApp;
			productReference = 13B07F961A680F5B00A75B9A /* TickieApp.app */;
			productType = "com.apple.product-type.application";
		};
		2D02E47A1E0B4A5D006451C7 /* TickieApp-tvOS */ = {
			isa = PBXNativeTarget;
			buildConfigurationList = 2D02E4BA1E0B4A5E006451C7 /* Build configuration list for PBXNativeTarget "TickieApp-tvOS" */;
			buildPhases = (
				F94B21017D1D49FDFEA74A6C /* [CP] Check Pods Manifest.lock */,
				FD10A7F122414F3F0027D42C /* Start Packager */,
				2D02E4771E0B4A5D006451C7 /* Sources */,
				2D02E4781E0B4A5D006451C7 /* Frameworks */,
				2D02E4791E0B4A5D006451C7 /* Resources */,
				2D02E4CB1E0B4B27006451C7 /* Bundle React Native Code And Images */,
			);
			buildRules = (
			);
			dependencies = (
			);
			name = "TickieApp-tvOS";
			productName = "TickieApp-tvOS";
			productReference = 2D02E47B1E0B4A5D006451C7 /* TickieApp-tvOS.app */;
			productType = "com.apple.product-type.application";
		};
		2D02E48F1E0B4A5D006451C7 /* TickieApp-tvOSTests */ = {
			isa = PBXNativeTarget;
			buildConfigurationList = 2D02E4BB1E0B4A5E006451C7 /* Build configuration list for PBXNativeTarget "TickieApp-tvOSTests" */;
			buildPhases = (
				76D60E0E1FC775B512A72583 /* [CP] Check Pods Manifest.lock */,
				2D02E48C1E0B4A5D006451C7 /* Sources */,
				2D02E48D1E0B4A5D006451C7 /* Frameworks */,
				2D02E48E1E0B4A5D006451C7 /* Resources */,
			);
			buildRules = (
			);
			dependencies = (
				2D02E4921E0B4A5D006451C7 /* PBXTargetDependency */,
			);
			name = "TickieApp-tvOSTests";
			productName = "TickieApp-tvOSTests";
			productReference = 2D02E4901E0B4A5D006451C7 /* TickieApp-tvOSTests.xctest */;
			productType = "com.apple.product-type.bundle.unit-test";
		};
/* End PBXNativeTarget section */

/* Begin PBXProject section */
		83CBB9F71A601CBA00E9B192 /* Project object */ = {
			isa = PBXProject;
			attributes = {
				LastUpgradeCheck = 1130;
				TargetAttributes = {
					00E356ED1AD99517003FC87E = {
						CreatedOnToolsVersion = 6.2;
						TestTargetID = 13B07F861A680F5B00A75B9A;
					};
					13B07F861A680F5B00A75B9A = {
						LastSwiftMigration = 1120;
					};
					2D02E47A1E0B4A5D006451C7 = {
						CreatedOnToolsVersion = 8.2.1;
						ProvisioningStyle = Automatic;
					};
					2D02E48F1E0B4A5D006451C7 = {
						CreatedOnToolsVersion = 8.2.1;
						ProvisioningStyle = Automatic;
						TestTargetID = 2D02E47A1E0B4A5D006451C7;
					};
				};
			};
			buildConfigurationList = 83CBB9FA1A601CBA00E9B192 /* Build configuration list for PBXProject "TickieApp" */;
			compatibilityVersion = "Xcode 3.2";
			developmentRegion = en;
			hasScannedForEncodings = 0;
			knownRegions = (
				en,
				Base,
			);
			mainGroup = 83CBB9F61A601CBA00E9B192;
			productRefGroup = 83CBBA001A601CBA00E9B192 /* Products */;
			projectDirPath = "";
			projectRoot = "";
			targets = (
				13B07F861A680F5B00A75B9A /* TickieApp */,
				00E356ED1AD99517003FC87E /* TickieAppTests */,
				2D02E47A1E0B4A5D006451C7 /* TickieApp-tvOS */,
				2D02E48F1E0B4A5D006451C7 /* TickieApp-tvOSTests */,
			);
		};
/* End PBXProject section */

/* Begin PBXResourcesBuildPhase section */
		00E356EC1AD99517003FC87E /* Resources */ = {
			isa = PBXResourcesBuildPhase;
			buildActionMask = 2147483647;
			files = (
			);
			runOnlyForDeploymentPostprocessing = 0;
		};
		13B07F8E1A680F5B00A75B9A /* Resources */ = {
			isa = PBXResourcesBuildPhase;
			buildActionMask = 2147483647;
			files = (
				81AB9BB82411601600AC10FF /* LaunchScreen.storyboard in Resources */,
				13B07FBF1A68108700A75B9A /* Images.xcassets in Resources */,
				71B5456441FE446C96BDEDFB /* SVN-Gilroy Black Italic.otf in Resources */,
				8492CF7DE0F749AEA79D07CF /* SVN-Gilroy Black.otf in Resources */,
				DFF26C3ED0FD4F61BF90B0F6 /* SVN-Gilroy Bold Italic.otf in Resources */,
				86192CA3C07B41F7A8BC9A74 /* SVN-Gilroy Heavy Italic.otf in Resources */,
				434AA84ACC9044F2BB7FC3E8 /* SVN-Gilroy Italic.otf in Resources */,
				CF3D0ACCA7784AC489734038 /* SVN-Gilroy Light Italic.otf in Resources */,
				E25A6C46A0144A2BB8B09980 /* SVN-Gilroy Light.otf in Resources */,
				8AC9E8D088C74EE8A08FFCB5 /* SVN-Gilroy Medium Italic.otf in Resources */,
				1580977CAE9B46C888349E81 /* SVN-Gilroy SemiBold Italic.otf in Resources */,
				29B7C65013B74760A73CB05B /* SVN-Gilroy SemiBold.otf in Resources */,
				5D2F8996E61446E5875A8ABB /* SVN-Gilroy Thin Italic.otf in Resources */,
				817327A9920546CFACC99CAE /* SVN-Gilroy Thin.otf in Resources */,
				27D227AC797749EEAEB531D5 /* SVN-Gilroy XBold Italic.otf in Resources */,
				AC1AD871326E488C836FBD69 /* SVN-Gilroy XBold.otf in Resources */,
				8D47E30581DD414D8234F2B8 /* SVN-Gilroy Xlight Italic.otf in Resources */,
				EED0C9563BAE45639531FE0A /* SVN-Gilroy Xlight.otf in Resources */,
				8F7F69E033AA42E5BAE34840 /* SVN-GilroyBold.otf in Resources */,
				A0749E165257410CA7F23F42 /* SVN-GilroyHeavy.otf in Resources */,
				E4D589B1152249069DA4490D /* SVN-GilroyLight.otf in Resources */,
				CE5EAD783A7649C8980E4273 /* SVN-GilroyMedium.otf in Resources */,
				E7A116189BE44DC8BB691100 /* SVN-GilroyRegular.otf in Resources */,
				02A50D68FC0546F9A695AFD4 /* times.ttf in Resources */,
				71BE6B3E2C3149CBAE4DE101 /* timesbd.ttf in Resources */,
				9C2F265FD4BE4B9683284423 /* timesbi.ttf in Resources */,
				61AF5F6EFB99458D86CC4DB6 /* timesi.ttf in Resources */,
				86A474F32D214D5CBBE14B9C /* AntDesign.ttf in Resources */,
				31B900186DE94E478F81C68A /* Entypo.ttf in Resources */,
				C61DA34C5725487480CA2E37 /* EvilIcons.ttf in Resources */,
				3F6B7F53AFD044C5A6F20272 /* Feather.ttf in Resources */,
				2ECE2486883B4227988B0BD9 /* FontAwesome.ttf in Resources */,
				037E3845833C406AAEE5171F /* FontAwesome5_Brands.ttf in Resources */,
				A9C9D2E5415D4EECA4E86BD6 /* FontAwesome5_Regular.ttf in Resources */,
				CE8F83CF55A04610B1E085D4 /* FontAwesome5_Solid.ttf in Resources */,
				350EE1BC857B4480AF87F1CF /* Fontisto.ttf in Resources */,
				92C646223AAD4B139787A866 /* Foundation.ttf in Resources */,
				A3714523108545F183D367CD /* Ionicons.ttf in Resources */,
				CCF2CCD5AE444DECB2CC2EB1 /* MaterialCommunityIcons.ttf in Resources */,
				A9DDAB7C82574902BDD084F4 /* MaterialIcons.ttf in Resources */,
				4C493E5ECF3A4A3A8AF46B52 /* Octicons.ttf in Resources */,
				A7C7104089C946CEA95A391F /* SimpleLineIcons.ttf in Resources */,
				D102B271ABB5401D99A87B07 /* Zocial.ttf in Resources */,
				ACAE39C2B0F04F1BAE3A09FF /* SVN-GilroySemiBold.otf in Resources */,
			);
			runOnlyForDeploymentPostprocessing = 0;
		};
		2D02E4791E0B4A5D006451C7 /* Resources */ = {
			isa = PBXResourcesBuildPhase;
			buildActionMask = 2147483647;
			files = (
				2D02E4BD1E0B4A84006451C7 /* Images.xcassets in Resources */,
			);
			runOnlyForDeploymentPostprocessing = 0;
		};
		2D02E48E1E0B4A5D006451C7 /* Resources */ = {
			isa = PBXResourcesBuildPhase;
			buildActionMask = 2147483647;
			files = (
			);
			runOnlyForDeploymentPostprocessing = 0;
		};
/* End PBXResourcesBuildPhase section */

/* Begin PBXShellScriptBuildPhase section */
		00DD1BFF1BD5951E006B06BC /* Bundle React Native code and images */ = {
			isa = PBXShellScriptBuildPhase;
			buildActionMask = 2147483647;
			files = (
			);
			inputPaths = (
			);
			name = "Bundle React Native code and images";
			outputPaths = (
			);
			runOnlyForDeploymentPostprocessing = 0;
			shellPath = /bin/sh;
			shellScript = "export NODE_BINARY=node\n../node_modules/react-native/scripts/react-native-xcode.sh";
		};
		2D02E4CB1E0B4B27006451C7 /* Bundle React Native Code And Images */ = {
			isa = PBXShellScriptBuildPhase;
			buildActionMask = 2147483647;
			files = (
			);
			inputPaths = (
			);
			name = "Bundle React Native Code And Images";
			outputPaths = (
			);
			runOnlyForDeploymentPostprocessing = 0;
			shellPath = /bin/sh;
			shellScript = "export NODE_BINARY=node\n../node_modules/react-native/scripts/react-native-xcode.sh";
		};
		34D9F44264AF202A4783551C /* [CP] Copy Pods Resources */ = {
			isa = PBXShellScriptBuildPhase;
			buildActionMask = 2147483647;
			files = (
			);
			inputPaths = (
				"${PODS_ROOT}/Target Support Files/Pods-TickieApp/Pods-TickieApp-resources.sh",
				"${PODS_ROOT}/../../node_modules/react-native-vector-icons/Fonts/AntDesign.ttf",
				"${PODS_ROOT}/../../node_modules/react-native-vector-icons/Fonts/Entypo.ttf",
				"${PODS_ROOT}/../../node_modules/react-native-vector-icons/Fonts/EvilIcons.ttf",
				"${PODS_ROOT}/../../node_modules/react-native-vector-icons/Fonts/Feather.ttf",
				"${PODS_ROOT}/../../node_modules/react-native-vector-icons/Fonts/FontAwesome.ttf",
				"${PODS_ROOT}/../../node_modules/react-native-vector-icons/Fonts/FontAwesome5_Brands.ttf",
				"${PODS_ROOT}/../../node_modules/react-native-vector-icons/Fonts/FontAwesome5_Regular.ttf",
				"${PODS_ROOT}/../../node_modules/react-native-vector-icons/Fonts/FontAwesome5_Solid.ttf",
				"${PODS_ROOT}/../../node_modules/react-native-vector-icons/Fonts/Fontisto.ttf",
				"${PODS_ROOT}/../../node_modules/react-native-vector-icons/Fonts/Foundation.ttf",
				"${PODS_ROOT}/../../node_modules/react-native-vector-icons/Fonts/Ionicons.ttf",
				"${PODS_ROOT}/../../node_modules/react-native-vector-icons/Fonts/MaterialCommunityIcons.ttf",
				"${PODS_ROOT}/../../node_modules/react-native-vector-icons/Fonts/MaterialIcons.ttf",
				"${PODS_ROOT}/../../node_modules/react-native-vector-icons/Fonts/Octicons.ttf",
				"${PODS_ROOT}/../../node_modules/react-native-vector-icons/Fonts/SimpleLineIcons.ttf",
				"${PODS_ROOT}/../../node_modules/react-native-vector-icons/Fonts/Zocial.ttf",
				"${PODS_CONFIGURATION_BUILD_DIR}/React-Core/AccessibilityResources.bundle",
			);
			name = "[CP] Copy Pods Resources";
			outputPaths = (
				"${TARGET_BUILD_DIR}/${UNLOCALIZED_RESOURCES_FOLDER_PATH}/AntDesign.ttf",
				"${TARGET_BUILD_DIR}/${UNLOCALIZED_RESOURCES_FOLDER_PATH}/Entypo.ttf",
				"${TARGET_BUILD_DIR}/${UNLOCALIZED_RESOURCES_FOLDER_PATH}/EvilIcons.ttf",
				"${TARGET_BUILD_DIR}/${UNLOCALIZED_RESOURCES_FOLDER_PATH}/Feather.ttf",
				"${TARGET_BUILD_DIR}/${UNLOCALIZED_RESOURCES_FOLDER_PATH}/FontAwesome.ttf",
				"${TARGET_BUILD_DIR}/${UNLOCALIZED_RESOURCES_FOLDER_PATH}/FontAwesome5_Brands.ttf",
				"${TARGET_BUILD_DIR}/${UNLOCALIZED_RESOURCES_FOLDER_PATH}/FontAwesome5_Regular.ttf",
				"${TARGET_BUILD_DIR}/${UNLOCALIZED_RESOURCES_FOLDER_PATH}/FontAwesome5_Solid.ttf",
				"${TARGET_BUILD_DIR}/${UNLOCALIZED_RESOURCES_FOLDER_PATH}/Fontisto.ttf",
				"${TARGET_BUILD_DIR}/${UNLOCALIZED_RESOURCES_FOLDER_PATH}/Foundation.ttf",
				"${TARGET_BUILD_DIR}/${UNLOCALIZED_RESOURCES_FOLDER_PATH}/Ionicons.ttf",
				"${TARGET_BUILD_DIR}/${UNLOCALIZED_RESOURCES_FOLDER_PATH}/MaterialCommunityIcons.ttf",
				"${TARGET_BUILD_DIR}/${UNLOCALIZED_RESOURCES_FOLDER_PATH}/MaterialIcons.ttf",
				"${TARGET_BUILD_DIR}/${UNLOCALIZED_RESOURCES_FOLDER_PATH}/Octicons.ttf",
				"${TARGET_BUILD_DIR}/${UNLOCALIZED_RESOURCES_FOLDER_PATH}/SimpleLineIcons.ttf",
				"${TARGET_BUILD_DIR}/${UNLOCALIZED_RESOURCES_FOLDER_PATH}/Zocial.ttf",
				"${TARGET_BUILD_DIR}/${UNLOCALIZED_RESOURCES_FOLDER_PATH}/AccessibilityResources.bundle",
			);
			runOnlyForDeploymentPostprocessing = 0;
			shellPath = /bin/sh;
			shellScript = "\"${PODS_ROOT}/Target Support Files/Pods-TickieApp/Pods-TickieApp-resources.sh\"\n";
			showEnvVarsInLog = 0;
		};
		6F9B8BA604F5047A296D963C /* [CP] Check Pods Manifest.lock */ = {
			isa = PBXShellScriptBuildPhase;
			buildActionMask = 2147483647;
			files = (
			);
			inputFileListPaths = (
			);
			inputPaths = (
				"${PODS_PODFILE_DIR_PATH}/Podfile.lock",
				"${PODS_ROOT}/Manifest.lock",
			);
			name = "[CP] Check Pods Manifest.lock";
			outputFileListPaths = (
			);
			outputPaths = (
				"$(DERIVED_FILE_DIR)/Pods-TickieApp-checkManifestLockResult.txt",
			);
			runOnlyForDeploymentPostprocessing = 0;
			shellPath = /bin/sh;
			shellScript = "diff \"${PODS_PODFILE_DIR_PATH}/Podfile.lock\" \"${PODS_ROOT}/Manifest.lock\" > /dev/null\nif [ $? != 0 ] ; then\n    # print error to STDERR\n    echo \"error: The sandbox is not in sync with the Podfile.lock. Run 'pod install' or update your CocoaPods installation.\" >&2\n    exit 1\nfi\n# This output is used by Xcode 'outputs' to avoid re-running this script phase.\necho \"SUCCESS\" > \"${SCRIPT_OUTPUT_FILE_0}\"\n";
			showEnvVarsInLog = 0;
		};
		76D60E0E1FC775B512A72583 /* [CP] Check Pods Manifest.lock */ = {
			isa = PBXShellScriptBuildPhase;
			buildActionMask = 2147483647;
			files = (
			);
			inputFileListPaths = (
			);
			inputPaths = (
				"${PODS_PODFILE_DIR_PATH}/Podfile.lock",
				"${PODS_ROOT}/Manifest.lock",
			);
			name = "[CP] Check Pods Manifest.lock";
			outputFileListPaths = (
			);
			outputPaths = (
				"$(DERIVED_FILE_DIR)/Pods-TickieApp-tvOSTests-checkManifestLockResult.txt",
			);
			runOnlyForDeploymentPostprocessing = 0;
			shellPath = /bin/sh;
			shellScript = "diff \"${PODS_PODFILE_DIR_PATH}/Podfile.lock\" \"${PODS_ROOT}/Manifest.lock\" > /dev/null\nif [ $? != 0 ] ; then\n    # print error to STDERR\n    echo \"error: The sandbox is not in sync with the Podfile.lock. Run 'pod install' or update your CocoaPods installation.\" >&2\n    exit 1\nfi\n# This output is used by Xcode 'outputs' to avoid re-running this script phase.\necho \"SUCCESS\" > \"${SCRIPT_OUTPUT_FILE_0}\"\n";
			showEnvVarsInLog = 0;
		};
		A386327F5DB4BE63BE20122E /* [CP] Check Pods Manifest.lock */ = {
			isa = PBXShellScriptBuildPhase;
			buildActionMask = 2147483647;
			files = (
			);
			inputFileListPaths = (
			);
			inputPaths = (
				"${PODS_PODFILE_DIR_PATH}/Podfile.lock",
				"${PODS_ROOT}/Manifest.lock",
			);
			name = "[CP] Check Pods Manifest.lock";
			outputFileListPaths = (
			);
			outputPaths = (
				"$(DERIVED_FILE_DIR)/Pods-TickieApp-TickieAppTests-checkManifestLockResult.txt",
			);
			runOnlyForDeploymentPostprocessing = 0;
			shellPath = /bin/sh;
			shellScript = "diff \"${PODS_PODFILE_DIR_PATH}/Podfile.lock\" \"${PODS_ROOT}/Manifest.lock\" > /dev/null\nif [ $? != 0 ] ; then\n    # print error to STDERR\n    echo \"error: The sandbox is not in sync with the Podfile.lock. Run 'pod install' or update your CocoaPods installation.\" >&2\n    exit 1\nfi\n# This output is used by Xcode 'outputs' to avoid re-running this script phase.\necho \"SUCCESS\" > \"${SCRIPT_OUTPUT_FILE_0}\"\n";
			showEnvVarsInLog = 0;
		};
		A7EE74D2AD878119B2D634EC /* [CP] Copy Pods Resources */ = {
			isa = PBXShellScriptBuildPhase;
			buildActionMask = 2147483647;
			files = (
			);
			inputPaths = (
				"${PODS_ROOT}/Target Support Files/Pods-TickieApp-TickieAppTests/Pods-TickieApp-TickieAppTests-resources.sh",
				"${PODS_ROOT}/../../node_modules/react-native-vector-icons/Fonts/AntDesign.ttf",
				"${PODS_ROOT}/../../node_modules/react-native-vector-icons/Fonts/Entypo.ttf",
				"${PODS_ROOT}/../../node_modules/react-native-vector-icons/Fonts/EvilIcons.ttf",
				"${PODS_ROOT}/../../node_modules/react-native-vector-icons/Fonts/Feather.ttf",
				"${PODS_ROOT}/../../node_modules/react-native-vector-icons/Fonts/FontAwesome.ttf",
				"${PODS_ROOT}/../../node_modules/react-native-vector-icons/Fonts/FontAwesome5_Brands.ttf",
				"${PODS_ROOT}/../../node_modules/react-native-vector-icons/Fonts/FontAwesome5_Regular.ttf",
				"${PODS_ROOT}/../../node_modules/react-native-vector-icons/Fonts/FontAwesome5_Solid.ttf",
				"${PODS_ROOT}/../../node_modules/react-native-vector-icons/Fonts/Fontisto.ttf",
				"${PODS_ROOT}/../../node_modules/react-native-vector-icons/Fonts/Foundation.ttf",
				"${PODS_ROOT}/../../node_modules/react-native-vector-icons/Fonts/Ionicons.ttf",
				"${PODS_ROOT}/../../node_modules/react-native-vector-icons/Fonts/MaterialCommunityIcons.ttf",
				"${PODS_ROOT}/../../node_modules/react-native-vector-icons/Fonts/MaterialIcons.ttf",
				"${PODS_ROOT}/../../node_modules/react-native-vector-icons/Fonts/Octicons.ttf",
				"${PODS_ROOT}/../../node_modules/react-native-vector-icons/Fonts/SimpleLineIcons.ttf",
				"${PODS_ROOT}/../../node_modules/react-native-vector-icons/Fonts/Zocial.ttf",
				"${PODS_CONFIGURATION_BUILD_DIR}/React-Core/AccessibilityResources.bundle",
			);
			name = "[CP] Copy Pods Resources";
			outputPaths = (
				"${TARGET_BUILD_DIR}/${UNLOCALIZED_RESOURCES_FOLDER_PATH}/AntDesign.ttf",
				"${TARGET_BUILD_DIR}/${UNLOCALIZED_RESOURCES_FOLDER_PATH}/Entypo.ttf",
				"${TARGET_BUILD_DIR}/${UNLOCALIZED_RESOURCES_FOLDER_PATH}/EvilIcons.ttf",
				"${TARGET_BUILD_DIR}/${UNLOCALIZED_RESOURCES_FOLDER_PATH}/Feather.ttf",
				"${TARGET_BUILD_DIR}/${UNLOCALIZED_RESOURCES_FOLDER_PATH}/FontAwesome.ttf",
				"${TARGET_BUILD_DIR}/${UNLOCALIZED_RESOURCES_FOLDER_PATH}/FontAwesome5_Brands.ttf",
				"${TARGET_BUILD_DIR}/${UNLOCALIZED_RESOURCES_FOLDER_PATH}/FontAwesome5_Regular.ttf",
				"${TARGET_BUILD_DIR}/${UNLOCALIZED_RESOURCES_FOLDER_PATH}/FontAwesome5_Solid.ttf",
				"${TARGET_BUILD_DIR}/${UNLOCALIZED_RESOURCES_FOLDER_PATH}/Fontisto.ttf",
				"${TARGET_BUILD_DIR}/${UNLOCALIZED_RESOURCES_FOLDER_PATH}/Foundation.ttf",
				"${TARGET_BUILD_DIR}/${UNLOCALIZED_RESOURCES_FOLDER_PATH}/Ionicons.ttf",
				"${TARGET_BUILD_DIR}/${UNLOCALIZED_RESOURCES_FOLDER_PATH}/MaterialCommunityIcons.ttf",
				"${TARGET_BUILD_DIR}/${UNLOCALIZED_RESOURCES_FOLDER_PATH}/MaterialIcons.ttf",
				"${TARGET_BUILD_DIR}/${UNLOCALIZED_RESOURCES_FOLDER_PATH}/Octicons.ttf",
				"${TARGET_BUILD_DIR}/${UNLOCALIZED_RESOURCES_FOLDER_PATH}/SimpleLineIcons.ttf",
				"${TARGET_BUILD_DIR}/${UNLOCALIZED_RESOURCES_FOLDER_PATH}/Zocial.ttf",
				"${TARGET_BUILD_DIR}/${UNLOCALIZED_RESOURCES_FOLDER_PATH}/AccessibilityResources.bundle",
			);
			runOnlyForDeploymentPostprocessing = 0;
			shellPath = /bin/sh;
			shellScript = "\"${PODS_ROOT}/Target Support Files/Pods-TickieApp-TickieAppTests/Pods-TickieApp-TickieAppTests-resources.sh\"\n";
			showEnvVarsInLog = 0;
		};
		F94B21017D1D49FDFEA74A6C /* [CP] Check Pods Manifest.lock */ = {
			isa = PBXShellScriptBuildPhase;
			buildActionMask = 2147483647;
			files = (
			);
			inputFileListPaths = (
			);
			inputPaths = (
				"${PODS_PODFILE_DIR_PATH}/Podfile.lock",
				"${PODS_ROOT}/Manifest.lock",
			);
			name = "[CP] Check Pods Manifest.lock";
			outputFileListPaths = (
			);
			outputPaths = (
				"$(DERIVED_FILE_DIR)/Pods-TickieApp-tvOS-checkManifestLockResult.txt",
			);
			runOnlyForDeploymentPostprocessing = 0;
			shellPath = /bin/sh;
			shellScript = "diff \"${PODS_PODFILE_DIR_PATH}/Podfile.lock\" \"${PODS_ROOT}/Manifest.lock\" > /dev/null\nif [ $? != 0 ] ; then\n    # print error to STDERR\n    echo \"error: The sandbox is not in sync with the Podfile.lock. Run 'pod install' or update your CocoaPods installation.\" >&2\n    exit 1\nfi\n# This output is used by Xcode 'outputs' to avoid re-running this script phase.\necho \"SUCCESS\" > \"${SCRIPT_OUTPUT_FILE_0}\"\n";
			showEnvVarsInLog = 0;
		};
		FD10A7F022414F080027D42C /* Start Packager */ = {
			isa = PBXShellScriptBuildPhase;
			buildActionMask = 2147483647;
			files = (
			);
			inputFileListPaths = (
			);
			inputPaths = (
			);
			name = "Start Packager";
			outputFileListPaths = (
			);
			outputPaths = (
			);
			runOnlyForDeploymentPostprocessing = 0;
			shellPath = /bin/sh;
			shellScript = "export RCT_METRO_PORT=\"${RCT_METRO_PORT:=8081}\"\necho \"export RCT_METRO_PORT=${RCT_METRO_PORT}\" > \"${SRCROOT}/../node_modules/react-native/scripts/.packager.env\"\nif [ -z \"${RCT_NO_LAUNCH_PACKAGER+xxx}\" ] ; then\n  if nc -w 5 -z localhost ${RCT_METRO_PORT} ; then\n    if ! curl -s \"http://localhost:${RCT_METRO_PORT}/status\" | grep -q \"packager-status:running\" ; then\n      echo \"Port ${RCT_METRO_PORT} already in use, packager is either not running or not running correctly\"\n      exit 2\n    fi\n  else\n    open \"$SRCROOT/../node_modules/react-native/scripts/launchPackager.command\" || echo \"Can't start packager automatically\"\n  fi\nfi\n";
			showEnvVarsInLog = 0;
		};
		FD10A7F122414F3F0027D42C /* Start Packager */ = {
			isa = PBXShellScriptBuildPhase;
			buildActionMask = 2147483647;
			files = (
			);
			inputFileListPaths = (
			);
			inputPaths = (
			);
			name = "Start Packager";
			outputFileListPaths = (
			);
			outputPaths = (
			);
			runOnlyForDeploymentPostprocessing = 0;
			shellPath = /bin/sh;
			shellScript = "export RCT_METRO_PORT=\"${RCT_METRO_PORT:=8081}\"\necho \"export RCT_METRO_PORT=${RCT_METRO_PORT}\" > \"${SRCROOT}/../node_modules/react-native/scripts/.packager.env\"\nif [ -z \"${RCT_NO_LAUNCH_PACKAGER+xxx}\" ] ; then\n  if nc -w 5 -z localhost ${RCT_METRO_PORT} ; then\n    if ! curl -s \"http://localhost:${RCT_METRO_PORT}/status\" | grep -q \"packager-status:running\" ; then\n      echo \"Port ${RCT_METRO_PORT} already in use, packager is either not running or not running correctly\"\n      exit 2\n    fi\n  else\n    open \"$SRCROOT/../node_modules/react-native/scripts/launchPackager.command\" || echo \"Can't start packager automatically\"\n  fi\nfi\n";
			showEnvVarsInLog = 0;
		};
/* End PBXShellScriptBuildPhase section */

/* Begin PBXSourcesBuildPhase section */
		00E356EA1AD99517003FC87E /* Sources */ = {
			isa = PBXSourcesBuildPhase;
			buildActionMask = 2147483647;
			files = (
				00E356F31AD99517003FC87E /* TickieAppTests.m in Sources */,
			);
			runOnlyForDeploymentPostprocessing = 0;
		};
		13B07F871A680F5B00A75B9A /* Sources */ = {
			isa = PBXSourcesBuildPhase;
			buildActionMask = 2147483647;
			files = (
				13B07FBC1A68108700A75B9A /* AppDelegate.m in Sources */,
				13B07FC11A68108700A75B9A /* main.m in Sources */,
			);
			runOnlyForDeploymentPostprocessing = 0;
		};
		2D02E4771E0B4A5D006451C7 /* Sources */ = {
			isa = PBXSourcesBuildPhase;
			buildActionMask = 2147483647;
			files = (
				2D02E4BF1E0B4AB3006451C7 /* main.m in Sources */,
				2D02E4BC1E0B4A80006451C7 /* AppDelegate.m in Sources */,
			);
			runOnlyForDeploymentPostprocessing = 0;
		};
		2D02E48C1E0B4A5D006451C7 /* Sources */ = {
			isa = PBXSourcesBuildPhase;
			buildActionMask = 2147483647;
			files = (
				2DCD954D1E0B4F2C00145EB5 /* TickieAppTests.m in Sources */,
			);
			runOnlyForDeploymentPostprocessing = 0;
		};
/* End PBXSourcesBuildPhase section */

/* Begin PBXTargetDependency section */
		00E356F51AD99517003FC87E /* PBXTargetDependency */ = {
			isa = PBXTargetDependency;
			target = 13B07F861A680F5B00A75B9A /* TickieApp */;
			targetProxy = 00E356F41AD99517003FC87E /* PBXContainerItemProxy */;
		};
		2D02E4921E0B4A5D006451C7 /* PBXTargetDependency */ = {
			isa = PBXTargetDependency;
			target = 2D02E47A1E0B4A5D006451C7 /* TickieApp-tvOS */;
			targetProxy = 2D02E4911E0B4A5D006451C7 /* PBXContainerItemProxy */;
		};
/* End PBXTargetDependency section */

/* Begin XCBuildConfiguration section */
		00E356F61AD99517003FC87E /* Debug */ = {
			isa = XCBuildConfiguration;
			baseConfigurationReference = AE4171925D27FE95E78E616B /* Pods-TickieApp-TickieAppTests.debug.xcconfig */;
			buildSettings = {
				BUNDLE_LOADER = "$(TEST_HOST)";
				GCC_PREPROCESSOR_DEFINITIONS = (
					"DEBUG=1",
					"$(inherited)",
				);
				INFOPLIST_FILE = TickieAppTests/Info.plist;
				IPHONEOS_DEPLOYMENT_TARGET = 10.0;
				LD_RUNPATH_SEARCH_PATHS = "$(inherited) @executable_path/Frameworks @loader_path/Frameworks";
				OTHER_LDFLAGS = (
					"-ObjC",
					"-lc++",
					"$(inherited)",
				);
				PRODUCT_BUNDLE_IDENTIFIER = "org.reactjs.native.example.$(PRODUCT_NAME:rfc1034identifier)";
				PRODUCT_NAME = "$(TARGET_NAME)";
				TEST_HOST = "$(BUILT_PRODUCTS_DIR)/TickieApp.app/TickieApp";
			};
			name = Debug;
		};
		00E356F71AD99517003FC87E /* Release */ = {
			isa = XCBuildConfiguration;
			baseConfigurationReference = 9130666BDFFC516FE40CED0F /* Pods-TickieApp-TickieAppTests.release.xcconfig */;
			buildSettings = {
				BUNDLE_LOADER = "$(TEST_HOST)";
				COPY_PHASE_STRIP = NO;
				INFOPLIST_FILE = TickieAppTests/Info.plist;
				IPHONEOS_DEPLOYMENT_TARGET = 10.0;
				LD_RUNPATH_SEARCH_PATHS = "$(inherited) @executable_path/Frameworks @loader_path/Frameworks";
				OTHER_LDFLAGS = (
					"-ObjC",
					"-lc++",
					"$(inherited)",
				);
				PRODUCT_BUNDLE_IDENTIFIER = "org.reactjs.native.example.$(PRODUCT_NAME:rfc1034identifier)";
				PRODUCT_NAME = "$(TARGET_NAME)";
				TEST_HOST = "$(BUILT_PRODUCTS_DIR)/TickieApp.app/TickieApp";
			};
			name = Release;
		};
		13B07F941A680F5B00A75B9A /* Debug */ = {
			isa = XCBuildConfiguration;
			baseConfigurationReference = 946666A72C8101CCC9AB0999 /* Pods-TickieApp.debug.xcconfig */;
			buildSettings = {
				ASSETCATALOG_COMPILER_APPICON_NAME = AppIcon;
				CLANG_ENABLE_MODULES = YES;
				CURRENT_PROJECT_VERSION = 1;
				ENABLE_BITCODE = NO;
				INFOPLIST_FILE = TickieApp/Info.plist;
				LD_RUNPATH_SEARCH_PATHS = "$(inherited) @executable_path/Frameworks";
				OTHER_LDFLAGS = (
					"$(inherited)",
					"-ObjC",
					"-lc++",
				);
				PRODUCT_BUNDLE_IDENTIFIER = "org.reactjs.native.example.$(PRODUCT_NAME:rfc1034identifier)";
				PRODUCT_NAME = TickieApp;
				SWIFT_OPTIMIZATION_LEVEL = "-Onone";
				SWIFT_VERSION = 5.0;
				VERSIONING_SYSTEM = "apple-generic";
			};
			name = Debug;
		};
		13B07F951A680F5B00A75B9A /* Release */ = {
			isa = XCBuildConfiguration;
			baseConfigurationReference = EDD4060C0B55984DA5363168 /* Pods-TickieApp.release.xcconfig */;
			buildSettings = {
				ASSETCATALOG_COMPILER_APPICON_NAME = AppIcon;
				CLANG_ENABLE_MODULES = YES;
				CURRENT_PROJECT_VERSION = 1;
				INFOPLIST_FILE = TickieApp/Info.plist;
				LD_RUNPATH_SEARCH_PATHS = "$(inherited) @executable_path/Frameworks";
				OTHER_LDFLAGS = (
					"$(inherited)",
					"-ObjC",
					"-lc++",
				);
				PRODUCT_BUNDLE_IDENTIFIER = "org.reactjs.native.example.$(PRODUCT_NAME:rfc1034identifier)";
				PRODUCT_NAME = TickieApp;
				SWIFT_VERSION = 5.0;
				VERSIONING_SYSTEM = "apple-generic";
			};
			name = Release;
		};
		2D02E4971E0B4A5E006451C7 /* Debug */ = {
			isa = XCBuildConfiguration;
			baseConfigurationReference = DAD983EBFAC0A3250FE65DE8 /* Pods-TickieApp-tvOS.debug.xcconfig */;
			buildSettings = {
				ASSETCATALOG_COMPILER_APPICON_NAME = "App Icon & Top Shelf Image";
				ASSETCATALOG_COMPILER_LAUNCHIMAGE_NAME = LaunchImage;
				CLANG_ANALYZER_NONNULL = YES;
				CLANG_WARN_DOCUMENTATION_COMMENTS = YES;
				CLANG_WARN_INFINITE_RECURSION = YES;
				CLANG_WARN_SUSPICIOUS_MOVE = YES;
				DEBUG_INFORMATION_FORMAT = dwarf;
				ENABLE_TESTABILITY = YES;
				GCC_NO_COMMON_BLOCKS = YES;
				INFOPLIST_FILE = "TickieApp-tvOS/Info.plist";
				LD_RUNPATH_SEARCH_PATHS = "$(inherited) @executable_path/Frameworks";
				OTHER_LDFLAGS = (
					"$(inherited)",
					"-ObjC",
					"-lc++",
				);
				PRODUCT_BUNDLE_IDENTIFIER = "org.reactjs.native.example.TickieApp-tvOS";
				PRODUCT_NAME = "$(TARGET_NAME)";
				SDKROOT = appletvos;
				TARGETED_DEVICE_FAMILY = 3;
				TVOS_DEPLOYMENT_TARGET = 10.0;
			};
			name = Debug;
		};
		2D02E4981E0B4A5E006451C7 /* Release */ = {
			isa = XCBuildConfiguration;
			baseConfigurationReference = 94EF6A809878C0747BE8974B /* Pods-TickieApp-tvOS.release.xcconfig */;
			buildSettings = {
				ASSETCATALOG_COMPILER_APPICON_NAME = "App Icon & Top Shelf Image";
				ASSETCATALOG_COMPILER_LAUNCHIMAGE_NAME = LaunchImage;
				CLANG_ANALYZER_NONNULL = YES;
				CLANG_WARN_DOCUMENTATION_COMMENTS = YES;
				CLANG_WARN_INFINITE_RECURSION = YES;
				CLANG_WARN_SUSPICIOUS_MOVE = YES;
				COPY_PHASE_STRIP = NO;
				DEBUG_INFORMATION_FORMAT = "dwarf-with-dsym";
				GCC_NO_COMMON_BLOCKS = YES;
				INFOPLIST_FILE = "TickieApp-tvOS/Info.plist";
				LD_RUNPATH_SEARCH_PATHS = "$(inherited) @executable_path/Frameworks";
				OTHER_LDFLAGS = (
					"$(inherited)",
					"-ObjC",
					"-lc++",
				);
				PRODUCT_BUNDLE_IDENTIFIER = "org.reactjs.native.example.TickieApp-tvOS";
				PRODUCT_NAME = "$(TARGET_NAME)";
				SDKROOT = appletvos;
				TARGETED_DEVICE_FAMILY = 3;
				TVOS_DEPLOYMENT_TARGET = 10.0;
			};
			name = Release;
		};
		2D02E4991E0B4A5E006451C7 /* Debug */ = {
			isa = XCBuildConfiguration;
			baseConfigurationReference = 2D23D4A80348A64F6FA67BF4 /* Pods-TickieApp-tvOSTests.debug.xcconfig */;
			buildSettings = {
				BUNDLE_LOADER = "$(TEST_HOST)";
				CLANG_ANALYZER_NONNULL = YES;
				CLANG_WARN_DOCUMENTATION_COMMENTS = YES;
				CLANG_WARN_INFINITE_RECURSION = YES;
				CLANG_WARN_SUSPICIOUS_MOVE = YES;
				DEBUG_INFORMATION_FORMAT = dwarf;
				ENABLE_TESTABILITY = YES;
				GCC_NO_COMMON_BLOCKS = YES;
				INFOPLIST_FILE = "TickieApp-tvOSTests/Info.plist";
				LD_RUNPATH_SEARCH_PATHS = "$(inherited) @executable_path/Frameworks @loader_path/Frameworks";
				OTHER_LDFLAGS = (
					"$(inherited)",
					"-ObjC",
					"-lc++",
				);
				PRODUCT_BUNDLE_IDENTIFIER = "org.reactjs.native.example.TickieApp-tvOSTests";
				PRODUCT_NAME = "$(TARGET_NAME)";
				SDKROOT = appletvos;
				TEST_HOST = "$(BUILT_PRODUCTS_DIR)/TickieApp-tvOS.app/TickieApp-tvOS";
				TVOS_DEPLOYMENT_TARGET = 10.1;
			};
			name = Debug;
		};
		2D02E49A1E0B4A5E006451C7 /* Release */ = {
			isa = XCBuildConfiguration;
			baseConfigurationReference = C74E99D5CF518D71AAC1B3BB /* Pods-TickieApp-tvOSTests.release.xcconfig */;
			buildSettings = {
				BUNDLE_LOADER = "$(TEST_HOST)";
				CLANG_ANALYZER_NONNULL = YES;
				CLANG_WARN_DOCUMENTATION_COMMENTS = YES;
				CLANG_WARN_INFINITE_RECURSION = YES;
				CLANG_WARN_SUSPICIOUS_MOVE = YES;
				COPY_PHASE_STRIP = NO;
				DEBUG_INFORMATION_FORMAT = "dwarf-with-dsym";
				GCC_NO_COMMON_BLOCKS = YES;
				INFOPLIST_FILE = "TickieApp-tvOSTests/Info.plist";
				LD_RUNPATH_SEARCH_PATHS = "$(inherited) @executable_path/Frameworks @loader_path/Frameworks";
				OTHER_LDFLAGS = (
					"$(inherited)",
					"-ObjC",
					"-lc++",
				);
				PRODUCT_BUNDLE_IDENTIFIER = "org.reactjs.native.example.TickieApp-tvOSTests";
				PRODUCT_NAME = "$(TARGET_NAME)";
				SDKROOT = appletvos;
				TEST_HOST = "$(BUILT_PRODUCTS_DIR)/TickieApp-tvOS.app/TickieApp-tvOS";
				TVOS_DEPLOYMENT_TARGET = 10.1;
			};
			name = Release;
		};
		83CBBA201A601CBA00E9B192 /* Debug */ = {
			isa = XCBuildConfiguration;
			buildSettings = {
				ALWAYS_SEARCH_USER_PATHS = NO;
				CLANG_ANALYZER_LOCALIZABILITY_NONLOCALIZED = YES;
				CLANG_CXX_LANGUAGE_STANDARD = "gnu++0x";
				CLANG_CXX_LIBRARY = "libc++";
				CLANG_ENABLE_MODULES = YES;
				CLANG_ENABLE_OBJC_ARC = YES;
				CLANG_WARN_BLOCK_CAPTURE_AUTORELEASING = YES;
				CLANG_WARN_BOOL_CONVERSION = YES;
				CLANG_WARN_COMMA = YES;
				CLANG_WARN_CONSTANT_CONVERSION = YES;
				CLANG_WARN_DEPRECATED_OBJC_IMPLEMENTATIONS = YES;
				CLANG_WARN_DIRECT_OBJC_ISA_USAGE = YES_ERROR;
				CLANG_WARN_EMPTY_BODY = YES;
				CLANG_WARN_ENUM_CONVERSION = YES;
				CLANG_WARN_INFINITE_RECURSION = YES;
				CLANG_WARN_INT_CONVERSION = YES;
				CLANG_WARN_NON_LITERAL_NULL_CONVERSION = YES;
				CLANG_WARN_OBJC_IMPLICIT_RETAIN_SELF = YES;
				CLANG_WARN_OBJC_LITERAL_CONVERSION = YES;
				CLANG_WARN_OBJC_ROOT_CLASS = YES_ERROR;
				CLANG_WARN_RANGE_LOOP_ANALYSIS = YES;
				CLANG_WARN_STRICT_PROTOTYPES = YES;
				CLANG_WARN_SUSPICIOUS_MOVE = YES;
				CLANG_WARN_UNREACHABLE_CODE = YES;
				CLANG_WARN__DUPLICATE_METHOD_MATCH = YES;
				"CODE_SIGN_IDENTITY[sdk=iphoneos*]" = "iPhone Developer";
				COPY_PHASE_STRIP = NO;
				ENABLE_STRICT_OBJC_MSGSEND = YES;
				ENABLE_TESTABILITY = YES;
				GCC_C_LANGUAGE_STANDARD = gnu99;
				GCC_DYNAMIC_NO_PIC = NO;
				GCC_NO_COMMON_BLOCKS = YES;
				GCC_OPTIMIZATION_LEVEL = 0;
				GCC_PREPROCESSOR_DEFINITIONS = (
					"DEBUG=1",
					"$(inherited)",
				);
				GCC_SYMBOLS_PRIVATE_EXTERN = NO;
				GCC_WARN_64_TO_32_BIT_CONVERSION = YES;
				GCC_WARN_ABOUT_RETURN_TYPE = YES_ERROR;
				GCC_WARN_UNDECLARED_SELECTOR = YES;
				GCC_WARN_UNINITIALIZED_AUTOS = YES_AGGRESSIVE;
				GCC_WARN_UNUSED_FUNCTION = YES;
				GCC_WARN_UNUSED_VARIABLE = YES;
				IPHONEOS_DEPLOYMENT_TARGET = 10.0;
				LD_RUNPATH_SEARCH_PATHS = "/usr/lib/swift $(inherited)";
				LIBRARY_SEARCH_PATHS = (
					"\"$(TOOLCHAIN_DIR)/usr/lib/swift/$(PLATFORM_NAME)\"",
					"\"$(TOOLCHAIN_DIR)/usr/lib/swift-5.0/$(PLATFORM_NAME)\"",
					"\"$(inherited)\"",
				);
				MTL_ENABLE_DEBUG_INFO = YES;
				ONLY_ACTIVE_ARCH = YES;
				SDKROOT = iphoneos;
			};
			name = Debug;
		};
		83CBBA211A601CBA00E9B192 /* Release */ = {
			isa = XCBuildConfiguration;
			buildSettings = {
				ALWAYS_SEARCH_USER_PATHS = NO;
				CLANG_ANALYZER_LOCALIZABILITY_NONLOCALIZED = YES;
				CLANG_CXX_LANGUAGE_STANDARD = "gnu++0x";
				CLANG_CXX_LIBRARY = "libc++";
				CLANG_ENABLE_MODULES = YES;
				CLANG_ENABLE_OBJC_ARC = YES;
				CLANG_WARN_BLOCK_CAPTURE_AUTORELEASING = YES;
				CLANG_WARN_BOOL_CONVERSION = YES;
				CLANG_WARN_COMMA = YES;
				CLANG_WARN_CONSTANT_CONVERSION = YES;
				CLANG_WARN_DEPRECATED_OBJC_IMPLEMENTATIONS = YES;
				CLANG_WARN_DIRECT_OBJC_ISA_USAGE = YES_ERROR;
				CLANG_WARN_EMPTY_BODY = YES;
				CLANG_WARN_ENUM_CONVERSION = YES;
				CLANG_WARN_INFINITE_RECURSION = YES;
				CLANG_WARN_INT_CONVERSION = YES;
				CLANG_WARN_NON_LITERAL_NULL_CONVERSION = YES;
				CLANG_WARN_OBJC_IMPLICIT_RETAIN_SELF = YES;
				CLANG_WARN_OBJC_LITERAL_CONVERSION = YES;
				CLANG_WARN_OBJC_ROOT_CLASS = YES_ERROR;
				CLANG_WARN_RANGE_LOOP_ANALYSIS = YES;
				CLANG_WARN_STRICT_PROTOTYPES = YES;
				CLANG_WARN_SUSPICIOUS_MOVE = YES;
				CLANG_WARN_UNREACHABLE_CODE = YES;
				CLANG_WARN__DUPLICATE_METHOD_MATCH = YES;
				"CODE_SIGN_IDENTITY[sdk=iphoneos*]" = "iPhone Developer";
				COPY_PHASE_STRIP = YES;
				ENABLE_NS_ASSERTIONS = NO;
				ENABLE_STRICT_OBJC_MSGSEND = YES;
				GCC_C_LANGUAGE_STANDARD = gnu99;
				GCC_NO_COMMON_BLOCKS = YES;
				GCC_WARN_64_TO_32_BIT_CONVERSION = YES;
				GCC_WARN_ABOUT_RETURN_TYPE = YES_ERROR;
				GCC_WARN_UNDECLARED_SELECTOR = YES;
				GCC_WARN_UNINITIALIZED_AUTOS = YES_AGGRESSIVE;
				GCC_WARN_UNUSED_FUNCTION = YES;
				GCC_WARN_UNUSED_VARIABLE = YES;
				IPHONEOS_DEPLOYMENT_TARGET = 10.0;
				LD_RUNPATH_SEARCH_PATHS = "/usr/lib/swift $(inherited)";
				LIBRARY_SEARCH_PATHS = (
					"\"$(TOOLCHAIN_DIR)/usr/lib/swift/$(PLATFORM_NAME)\"",
					"\"$(TOOLCHAIN_DIR)/usr/lib/swift-5.0/$(PLATFORM_NAME)\"",
					"\"$(inherited)\"",
				);
				MTL_ENABLE_DEBUG_INFO = NO;
				SDKROOT = iphoneos;
				VALIDATE_PRODUCT = YES;
			};
			name = Release;
		};
/* End XCBuildConfiguration section */

/* Begin XCConfigurationList section */
		00E357021AD99517003FC87E /* Build configuration list for PBXNativeTarget "TickieAppTests" */ = {
			isa = XCConfigurationList;
			buildConfigurations = (
				00E356F61AD99517003FC87E /* Debug */,
				00E356F71AD99517003FC87E /* Release */,
			);
			defaultConfigurationIsVisible = 0;
			defaultConfigurationName = Release;
		};
		13B07F931A680F5B00A75B9A /* Build configuration list for PBXNativeTarget "TickieApp" */ = {
			isa = XCConfigurationList;
			buildConfigurations = (
				13B07F941A680F5B00A75B9A /* Debug */,
				13B07F951A680F5B00A75B9A /* Release */,
			);
			defaultConfigurationIsVisible = 0;
			defaultConfigurationName = Release;
		};
		2D02E4BA1E0B4A5E006451C7 /* Build configuration list for PBXNativeTarget "TickieApp-tvOS" */ = {
			isa = XCConfigurationList;
			buildConfigurations = (
				2D02E4971E0B4A5E006451C7 /* Debug */,
				2D02E4981E0B4A5E006451C7 /* Release */,
			);
			defaultConfigurationIsVisible = 0;
			defaultConfigurationName = Release;
		};
		2D02E4BB1E0B4A5E006451C7 /* Build configuration list for PBXNativeTarget "TickieApp-tvOSTests" */ = {
			isa = XCConfigurationList;
			buildConfigurations = (
				2D02E4991E0B4A5E006451C7 /* Debug */,
				2D02E49A1E0B4A5E006451C7 /* Release */,
			);
			defaultConfigurationIsVisible = 0;
			defaultConfigurationName = Release;
		};
		83CBB9FA1A601CBA00E9B192 /* Build configuration list for PBXProject "TickieApp" */ = {
			isa = XCConfigurationList;
			buildConfigurations = (
				83CBBA201A601CBA00E9B192 /* Debug */,
				83CBBA211A601CBA00E9B192 /* Release */,
			);
			defaultConfigurationIsVisible = 0;
			defaultConfigurationName = Release;
		};
/* End XCConfigurationList section */
	};
	rootObject = 83CBB9F71A601CBA00E9B192 /* Project object */;
}
